// !$*UTF8*$!
{
	archiveVersion = 1;
	classes = {
	};
	objectVersion = 50;
	objects = {

/* Begin PBXBuildFile section */
		A6C59DD324345123009E6F61 /* GitHubRepository.swift in Sources */ = {isa = PBXBuildFile; fileRef = A6C59DD224345123009E6F61 /* GitHubRepository.swift */; };
		A6C59DD5243453AF009E6F61 /* GitHubUser.swift in Sources */ = {isa = PBXBuildFile; fileRef = A6C59DD4243453AF009E6F61 /* GitHubUser.swift */; };
		A6C59DD724345408009E6F61 /* NetworkRequest.swift in Sources */ = {isa = PBXBuildFile; fileRef = A6C59DD624345408009E6F61 /* NetworkRequest.swift */; };
		A6C59DD924345425009E6F61 /* JSONRequest.swift in Sources */ = {isa = PBXBuildFile; fileRef = A6C59DD824345425009E6F61 /* JSONRequest.swift */; };
		A6C59DDB24345440009E6F61 /* DataRequest.swift in Sources */ = {isa = PBXBuildFile; fileRef = A6C59DDA24345440009E6F61 /* DataRequest.swift */; };
		A6C59DDD2434574D009E6F61 /* users_list.json in Resources */ = {isa = PBXBuildFile; fileRef = A6C59DDC2434574D009E6F61 /* users_list.json */; };
		A6C59DDF24345D3E009E6F61 /* UsersRequest.swift in Sources */ = {isa = PBXBuildFile; fileRef = A6C59DDE24345D3E009E6F61 /* UsersRequest.swift */; };
		A6C59DE124345E78009E6F61 /* GitHubUserList.swift in Sources */ = {isa = PBXBuildFile; fileRef = A6C59DE024345E78009E6F61 /* GitHubUserList.swift */; };
		A6C59DE324345E98009E6F61 /* UserList.swift in Sources */ = {isa = PBXBuildFile; fileRef = A6C59DE224345E98009E6F61 /* UserList.swift */; };
		A6C59DE524346477009E6F61 /* ViewFactory.swift in Sources */ = {isa = PBXBuildFile; fileRef = A6C59DE424346477009E6F61 /* ViewFactory.swift */; };
		A6C59DE8243464CE009E6F61 /* UserTableViewCell.swift in Sources */ = {isa = PBXBuildFile; fileRef = A6C59DE7243464CE009E6F61 /* UserTableViewCell.swift */; };
		A6C59DEB243465F7009E6F61 /* UserTableViewDataSource.swift in Sources */ = {isa = PBXBuildFile; fileRef = A6C59DEA243465F7009E6F61 /* UserTableViewDataSource.swift */; };
		A6C59DED2434666A009E6F61 /* UserSearchViewController.swift in Sources */ = {isa = PBXBuildFile; fileRef = A6C59DEC2434666A009E6F61 /* UserSearchViewController.swift */; };
		A6C59DEF2434672E009E6F61 /* Localizable.strings in Resources */ = {isa = PBXBuildFile; fileRef = A6C59DEE2434672E009E6F61 /* Localizable.strings */; };
		A6C59DF2243468C8009E6F61 /* UIViewControllerExtensions.swift in Sources */ = {isa = PBXBuildFile; fileRef = A6C59DF1243468C8009E6F61 /* UIViewControllerExtensions.swift */; };
		A6C59DF424354896009E6F61 /* RepoSearchViewController.swift in Sources */ = {isa = PBXBuildFile; fileRef = A6C59DF324354896009E6F61 /* RepoSearchViewController.swift */; };
		A6C59DF6243548F1009E6F61 /* RepositoryRequest.swift in Sources */ = {isa = PBXBuildFile; fileRef = A6C59DF5243548F1009E6F61 /* RepositoryRequest.swift */; };
		A6C59DF824354BAA009E6F61 /* RepositoryTableViewCell.swift in Sources */ = {isa = PBXBuildFile; fileRef = A6C59DF724354BAA009E6F61 /* RepositoryTableViewCell.swift */; };
		A6C59DFA24354F27009E6F61 /* RepositoryTableViewDataSource.swift in Sources */ = {isa = PBXBuildFile; fileRef = A6C59DF924354F27009E6F61 /* RepositoryTableViewDataSource.swift */; };
		A6C59DFC2435B806009E6F61 /* BasicAuthViewController.swift in Sources */ = {isa = PBXBuildFile; fileRef = A6C59DFB2435B806009E6F61 /* BasicAuthViewController.swift */; };
		A6EC02FB24342CB2001C8D69 /* AppDelegate.swift in Sources */ = {isa = PBXBuildFile; fileRef = A6EC02FA24342CB2001C8D69 /* AppDelegate.swift */; };
		A6EC02FD24342CB2001C8D69 /* SceneDelegate.swift in Sources */ = {isa = PBXBuildFile; fileRef = A6EC02FC24342CB2001C8D69 /* SceneDelegate.swift */; };
		A6EC030424342CBC001C8D69 /* Assets.xcassets in Resources */ = {isa = PBXBuildFile; fileRef = A6EC030324342CBC001C8D69 /* Assets.xcassets */; };
		A6EC030724342CBC001C8D69 /* LaunchScreen.storyboard in Resources */ = {isa = PBXBuildFile; fileRef = A6EC030524342CBC001C8D69 /* LaunchScreen.storyboard */; };
		A6EC031E24342D48001C8D69 /* ViewControllerFactory.swift in Sources */ = {isa = PBXBuildFile; fileRef = A6EC031D24342D48001C8D69 /* ViewControllerFactory.swift */; };
		A6EC032124342DD4001C8D69 /* DataSourceType.swift in Sources */ = {isa = PBXBuildFile; fileRef = A6EC032024342DD4001C8D69 /* DataSourceType.swift */; };
		A6EC0325243432FD001C8D69 /* GitHubTests.swift in Sources */ = {isa = PBXBuildFile; fileRef = A6EC0324243432FD001C8D69 /* GitHubTests.swift */; };
		A6EC0328243433C6001C8D69 /* repositories.json in Resources */ = {isa = PBXBuildFile; fileRef = A6EC0327243433C6001C8D69 /* repositories.json */; };
		A6EC033224344146001C8D69 /* user.json in Resources */ = {isa = PBXBuildFile; fileRef = A6EC033124344134001C8D69 /* user.json */; };
		A6EC033524344B14001C8D69 /* Config.xcconfig in Resources */ = {isa = PBXBuildFile; fileRef = A6EC033424344B14001C8D69 /* Config.xcconfig */; };
		A6EC033824344B8D001C8D69 /* ConfigReader.swift in Sources */ = {isa = PBXBuildFile; fileRef = A6EC033724344B8D001C8D69 /* ConfigReader.swift */; };
		A6EC033A24344C05001C8D69 /* URLFactory.swift in Sources */ = {isa = PBXBuildFile; fileRef = A6EC033924344C05001C8D69 /* URLFactory.swift */; };
		A6EC033C24344CB3001C8D69 /* RequestFactory.swift in Sources */ = {isa = PBXBuildFile; fileRef = A6EC033B24344CB3001C8D69 /* RequestFactory.swift */; };
		A6EC034124344D87001C8D69 /* User.swift in Sources */ = {isa = PBXBuildFile; fileRef = A6EC034024344D87001C8D69 /* User.swift */; };
		A6EC034324344E42001C8D69 /* Repository.swift in Sources */ = {isa = PBXBuildFile; fileRef = A6EC034224344E42001C8D69 /* Repository.swift */; };
/* End PBXBuildFile section */

/* Begin PBXContainerItemProxy section */
		A6EC030E24342CBC001C8D69 /* PBXContainerItemProxy */ = {
			isa = PBXContainerItemProxy;
			containerPortal = A6EC02EF24342CB2001C8D69 /* Project object */;
			proxyType = 1;
			remoteGlobalIDString = A6EC02F624342CB2001C8D69;
			remoteInfo = RepositoryBrowser;
		};
/* End PBXContainerItemProxy section */

/* Begin PBXFileReference section */
		A6C59DD224345123009E6F61 /* GitHubRepository.swift */ = {isa = PBXFileReference; lastKnownFileType = sourcecode.swift; path = GitHubRepository.swift; sourceTree = "<group>"; };
		A6C59DD4243453AF009E6F61 /* GitHubUser.swift */ = {isa = PBXFileReference; lastKnownFileType = sourcecode.swift; path = GitHubUser.swift; sourceTree = "<group>"; };
		A6C59DD624345408009E6F61 /* NetworkRequest.swift */ = {isa = PBXFileReference; lastKnownFileType = sourcecode.swift; path = NetworkRequest.swift; sourceTree = "<group>"; };
		A6C59DD824345425009E6F61 /* JSONRequest.swift */ = {isa = PBXFileReference; lastKnownFileType = sourcecode.swift; path = JSONRequest.swift; sourceTree = "<group>"; };
		A6C59DDA24345440009E6F61 /* DataRequest.swift */ = {isa = PBXFileReference; lastKnownFileType = sourcecode.swift; path = DataRequest.swift; sourceTree = "<group>"; };
		A6C59DDC2434574D009E6F61 /* users_list.json */ = {isa = PBXFileReference; lastKnownFileType = text.json; path = users_list.json; sourceTree = "<group>"; };
		A6C59DDE24345D3E009E6F61 /* UsersRequest.swift */ = {isa = PBXFileReference; lastKnownFileType = sourcecode.swift; path = UsersRequest.swift; sourceTree = "<group>"; };
		A6C59DE024345E78009E6F61 /* GitHubUserList.swift */ = {isa = PBXFileReference; lastKnownFileType = sourcecode.swift; path = GitHubUserList.swift; sourceTree = "<group>"; };
		A6C59DE224345E98009E6F61 /* UserList.swift */ = {isa = PBXFileReference; lastKnownFileType = sourcecode.swift; path = UserList.swift; sourceTree = "<group>"; };
		A6C59DE424346477009E6F61 /* ViewFactory.swift */ = {isa = PBXFileReference; lastKnownFileType = sourcecode.swift; path = ViewFactory.swift; sourceTree = "<group>"; };
		A6C59DE7243464CE009E6F61 /* UserTableViewCell.swift */ = {isa = PBXFileReference; lastKnownFileType = sourcecode.swift; path = UserTableViewCell.swift; sourceTree = "<group>"; };
		A6C59DEA243465F7009E6F61 /* UserTableViewDataSource.swift */ = {isa = PBXFileReference; lastKnownFileType = sourcecode.swift; path = UserTableViewDataSource.swift; sourceTree = "<group>"; };
		A6C59DEC2434666A009E6F61 /* UserSearchViewController.swift */ = {isa = PBXFileReference; lastKnownFileType = sourcecode.swift; path = UserSearchViewController.swift; sourceTree = "<group>"; };
		A6C59DEE2434672E009E6F61 /* Localizable.strings */ = {isa = PBXFileReference; lastKnownFileType = text.plist.strings; path = Localizable.strings; sourceTree = "<group>"; };
		A6C59DF1243468C8009E6F61 /* UIViewControllerExtensions.swift */ = {isa = PBXFileReference; lastKnownFileType = sourcecode.swift; path = UIViewControllerExtensions.swift; sourceTree = "<group>"; };
		A6C59DF324354896009E6F61 /* RepoSearchViewController.swift */ = {isa = PBXFileReference; lastKnownFileType = sourcecode.swift; path = RepoSearchViewController.swift; sourceTree = "<group>"; };
		A6C59DF5243548F1009E6F61 /* RepositoryRequest.swift */ = {isa = PBXFileReference; lastKnownFileType = sourcecode.swift; path = RepositoryRequest.swift; sourceTree = "<group>"; };
		A6C59DF724354BAA009E6F61 /* RepositoryTableViewCell.swift */ = {isa = PBXFileReference; lastKnownFileType = sourcecode.swift; path = RepositoryTableViewCell.swift; sourceTree = "<group>"; };
		A6C59DF924354F27009E6F61 /* RepositoryTableViewDataSource.swift */ = {isa = PBXFileReference; lastKnownFileType = sourcecode.swift; path = RepositoryTableViewDataSource.swift; sourceTree = "<group>"; };
		A6C59DFB2435B806009E6F61 /* BasicAuthViewController.swift */ = {isa = PBXFileReference; lastKnownFileType = sourcecode.swift; path = BasicAuthViewController.swift; sourceTree = "<group>"; };
		A6EC02F724342CB2001C8D69 /* RepositoryBrowser.app */ = {isa = PBXFileReference; explicitFileType = wrapper.application; includeInIndex = 0; path = RepositoryBrowser.app; sourceTree = BUILT_PRODUCTS_DIR; };
		A6EC02FA24342CB2001C8D69 /* AppDelegate.swift */ = {isa = PBXFileReference; lastKnownFileType = sourcecode.swift; path = AppDelegate.swift; sourceTree = "<group>"; };
		A6EC02FC24342CB2001C8D69 /* SceneDelegate.swift */ = {isa = PBXFileReference; lastKnownFileType = sourcecode.swift; path = SceneDelegate.swift; sourceTree = "<group>"; };
		A6EC030324342CBC001C8D69 /* Assets.xcassets */ = {isa = PBXFileReference; lastKnownFileType = folder.assetcatalog; path = Assets.xcassets; sourceTree = "<group>"; };
		A6EC030624342CBC001C8D69 /* Base */ = {isa = PBXFileReference; lastKnownFileType = file.storyboard; name = Base; path = Base.lproj/LaunchScreen.storyboard; sourceTree = "<group>"; };
		A6EC030824342CBC001C8D69 /* Info.plist */ = {isa = PBXFileReference; lastKnownFileType = text.plist.xml; path = Info.plist; sourceTree = "<group>"; };
		A6EC030D24342CBC001C8D69 /* RepositoryBrowserTests.xctest */ = {isa = PBXFileReference; explicitFileType = wrapper.cfbundle; includeInIndex = 0; path = RepositoryBrowserTests.xctest; sourceTree = BUILT_PRODUCTS_DIR; };
		A6EC031324342CBC001C8D69 /* Info.plist */ = {isa = PBXFileReference; lastKnownFileType = text.plist.xml; path = Info.plist; sourceTree = "<group>"; };
		A6EC031D24342D48001C8D69 /* ViewControllerFactory.swift */ = {isa = PBXFileReference; lastKnownFileType = sourcecode.swift; path = ViewControllerFactory.swift; sourceTree = "<group>"; };
		A6EC032024342DD4001C8D69 /* DataSourceType.swift */ = {isa = PBXFileReference; lastKnownFileType = sourcecode.swift; path = DataSourceType.swift; sourceTree = "<group>"; };
		A6EC0324243432FD001C8D69 /* GitHubTests.swift */ = {isa = PBXFileReference; lastKnownFileType = sourcecode.swift; path = GitHubTests.swift; sourceTree = "<group>"; };
		A6EC0327243433C6001C8D69 /* repositories.json */ = {isa = PBXFileReference; lastKnownFileType = text.json; path = repositories.json; sourceTree = "<group>"; };
		A6EC033124344134001C8D69 /* user.json */ = {isa = PBXFileReference; lastKnownFileType = text.json; path = user.json; sourceTree = "<group>"; };
		A6EC033424344B14001C8D69 /* Config.xcconfig */ = {isa = PBXFileReference; lastKnownFileType = text.xcconfig; path = Config.xcconfig; sourceTree = "<group>"; };
		A6EC033724344B8D001C8D69 /* ConfigReader.swift */ = {isa = PBXFileReference; lastKnownFileType = sourcecode.swift; path = ConfigReader.swift; sourceTree = "<group>"; };
		A6EC033924344C05001C8D69 /* URLFactory.swift */ = {isa = PBXFileReference; lastKnownFileType = sourcecode.swift; path = URLFactory.swift; sourceTree = "<group>"; };
		A6EC033B24344CB3001C8D69 /* RequestFactory.swift */ = {isa = PBXFileReference; lastKnownFileType = sourcecode.swift; path = RequestFactory.swift; sourceTree = "<group>"; };
		A6EC034024344D87001C8D69 /* User.swift */ = {isa = PBXFileReference; lastKnownFileType = sourcecode.swift; path = User.swift; sourceTree = "<group>"; };
		A6EC034224344E42001C8D69 /* Repository.swift */ = {isa = PBXFileReference; lastKnownFileType = sourcecode.swift; path = Repository.swift; sourceTree = "<group>"; };
/* End PBXFileReference section */

/* Begin PBXFrameworksBuildPhase section */
		A6EC02F424342CB2001C8D69 /* Frameworks */ = {
			isa = PBXFrameworksBuildPhase;
			buildActionMask = 2147483647;
			files = (
			);
			runOnlyForDeploymentPostprocessing = 0;
		};
		A6EC030A24342CBC001C8D69 /* Frameworks */ = {
			isa = PBXFrameworksBuildPhase;
			buildActionMask = 2147483647;
			files = (
			);
			runOnlyForDeploymentPostprocessing = 0;
		};
/* End PBXFrameworksBuildPhase section */

/* Begin PBXGroup section */
		A6C59DE6243464AE009E6F61 /* Views */ = {
			isa = PBXGroup;
			children = (
				A6C59DE7243464CE009E6F61 /* UserTableViewCell.swift */,
				A6C59DF724354BAA009E6F61 /* RepositoryTableViewCell.swift */,
			);
			path = Views;
			sourceTree = "<group>";
		};
		A6C59DE9243465E3009E6F61 /* UI */ = {
			isa = PBXGroup;
			children = (
				A6C59DEA243465F7009E6F61 /* UserTableViewDataSource.swift */,
				A6C59DF924354F27009E6F61 /* RepositoryTableViewDataSource.swift */,
			);
			path = UI;
			sourceTree = "<group>";
		};
		A6C59DF0243468B7009E6F61 /* Extensions */ = {
			isa = PBXGroup;
			children = (
				A6C59DF1243468C8009E6F61 /* UIViewControllerExtensions.swift */,
			);
			path = Extensions;
			sourceTree = "<group>";
		};
		A6EC02EE24342CB2001C8D69 = {
			isa = PBXGroup;
			children = (
				A6EC02F924342CB2001C8D69 /* RepositoryBrowser */,
				A6EC031024342CBC001C8D69 /* RepositoryBrowserTests */,
				A6EC02F824342CB2001C8D69 /* Products */,
			);
			sourceTree = "<group>";
		};
		A6EC02F824342CB2001C8D69 /* Products */ = {
			isa = PBXGroup;
			children = (
				A6EC02F724342CB2001C8D69 /* RepositoryBrowser.app */,
				A6EC030D24342CBC001C8D69 /* RepositoryBrowserTests.xctest */,
			);
			name = Products;
			sourceTree = "<group>";
		};
		A6EC02F924342CB2001C8D69 /* RepositoryBrowser */ = {
			isa = PBXGroup;
			children = (
				A6C59DF0243468B7009E6F61 /* Extensions */,
				A6C59DE6243464AE009E6F61 /* Views */,
				A6EC033624344B7A001C8D69 /* Util */,
				A6EC032324343167001C8D69 /* Model */,
				A6EC033324344AFA001C8D69 /* Resources */,
				A6EC032224342EA7001C8D69 /* Controllers */,
				A6EC031F24342DBE001C8D69 /* DataProvider */,
				A6EC031C24342D28001C8D69 /* Factories */,
				A6EC02FA24342CB2001C8D69 /* AppDelegate.swift */,
				A6EC02FC24342CB2001C8D69 /* SceneDelegate.swift */,
				A6EC030324342CBC001C8D69 /* Assets.xcassets */,
				A6EC030524342CBC001C8D69 /* LaunchScreen.storyboard */,
				A6EC030824342CBC001C8D69 /* Info.plist */,
			);
			path = RepositoryBrowser;
			sourceTree = "<group>";
		};
		A6EC031024342CBC001C8D69 /* RepositoryBrowserTests */ = {
			isa = PBXGroup;
			children = (
				A6EC032624343387001C8D69 /* Resources */,
				A6EC031324342CBC001C8D69 /* Info.plist */,
				A6EC0324243432FD001C8D69 /* GitHubTests.swift */,
			);
			path = RepositoryBrowserTests;
			sourceTree = "<group>";
		};
		A6EC031C24342D28001C8D69 /* Factories */ = {
			isa = PBXGroup;
			children = (
				A6EC031D24342D48001C8D69 /* ViewControllerFactory.swift */,
				A6EC033924344C05001C8D69 /* URLFactory.swift */,
				A6EC033B24344CB3001C8D69 /* RequestFactory.swift */,
				A6C59DE424346477009E6F61 /* ViewFactory.swift */,
			);
			path = Factories;
			sourceTree = "<group>";
		};
		A6EC031F24342DBE001C8D69 /* DataProvider */ = {
			isa = PBXGroup;
			children = (
				A6C59DE9243465E3009E6F61 /* UI */,
				A6EC032024342DD4001C8D69 /* DataSourceType.swift */,
				A6C59DD624345408009E6F61 /* NetworkRequest.swift */,
				A6C59DD824345425009E6F61 /* JSONRequest.swift */,
				A6C59DDA24345440009E6F61 /* DataRequest.swift */,
				A6C59DDE24345D3E009E6F61 /* UsersRequest.swift */,
				A6C59DF5243548F1009E6F61 /* RepositoryRequest.swift */,
			);
			path = DataProvider;
			sourceTree = "<group>";
		};
		A6EC032224342EA7001C8D69 /* Controllers */ = {
			isa = PBXGroup;
			children = (
				A6C59DEC2434666A009E6F61 /* UserSearchViewController.swift */,
				A6C59DF324354896009E6F61 /* RepoSearchViewController.swift */,
				A6C59DFB2435B806009E6F61 /* BasicAuthViewController.swift */,
			);
			path = Controllers;
			sourceTree = "<group>";
		};
		A6EC032324343167001C8D69 /* Model */ = {
			isa = PBXGroup;
			children = (
				A6EC033F24344D6E001C8D69 /* Abstraction */,
				A6EC032E24343BAD001C8D69 /* Github */,
			);
			path = Model;
			sourceTree = "<group>";
		};
		A6EC032624343387001C8D69 /* Resources */ = {
			isa = PBXGroup;
			children = (
				A6EC0327243433C6001C8D69 /* repositories.json */,
				A6EC033124344134001C8D69 /* user.json */,
				A6C59DDC2434574D009E6F61 /* users_list.json */,
			);
			path = Resources;
			sourceTree = "<group>";
		};
		A6EC032E24343BAD001C8D69 /* Github */ = {
			isa = PBXGroup;
			children = (
				A6C59DD224345123009E6F61 /* GitHubRepository.swift */,
				A6C59DD4243453AF009E6F61 /* GitHubUser.swift */,
				A6C59DE024345E78009E6F61 /* GitHubUserList.swift */,
			);
			path = Github;
			sourceTree = "<group>";
		};
		A6EC033324344AFA001C8D69 /* Resources */ = {
			isa = PBXGroup;
			children = (
				A6EC033424344B14001C8D69 /* Config.xcconfig */,
				A6C59DEE2434672E009E6F61 /* Localizable.strings */,
			);
			path = Resources;
			sourceTree = "<group>";
		};
		A6EC033624344B7A001C8D69 /* Util */ = {
			isa = PBXGroup;
			children = (
				A6EC033724344B8D001C8D69 /* ConfigReader.swift */,
			);
			path = Util;
			sourceTree = "<group>";
		};
		A6EC033F24344D6E001C8D69 /* Abstraction */ = {
			isa = PBXGroup;
			children = (
				A6EC034024344D87001C8D69 /* User.swift */,
				A6EC034224344E42001C8D69 /* Repository.swift */,
				A6C59DE224345E98009E6F61 /* UserList.swift */,
			);
			path = Abstraction;
			sourceTree = "<group>";
		};
/* End PBXGroup section */

/* Begin PBXNativeTarget section */
		A6EC02F624342CB2001C8D69 /* RepositoryBrowser */ = {
			isa = PBXNativeTarget;
			buildConfigurationList = A6EC031624342CBC001C8D69 /* Build configuration list for PBXNativeTarget "RepositoryBrowser" */;
			buildPhases = (
				A6EC02F324342CB2001C8D69 /* Sources */,
				A6EC02F424342CB2001C8D69 /* Frameworks */,
				A6EC02F524342CB2001C8D69 /* Resources */,
			);
			buildRules = (
			);
			dependencies = (
			);
			name = RepositoryBrowser;
			productName = RepositoryBrowser;
			productReference = A6EC02F724342CB2001C8D69 /* RepositoryBrowser.app */;
			productType = "com.apple.product-type.application";
		};
		A6EC030C24342CBC001C8D69 /* RepositoryBrowserTests */ = {
			isa = PBXNativeTarget;
			buildConfigurationList = A6EC031924342CBC001C8D69 /* Build configuration list for PBXNativeTarget "RepositoryBrowserTests" */;
			buildPhases = (
				A6EC030924342CBC001C8D69 /* Sources */,
				A6EC030A24342CBC001C8D69 /* Frameworks */,
				A6EC030B24342CBC001C8D69 /* Resources */,
			);
			buildRules = (
			);
			dependencies = (
				A6EC030F24342CBC001C8D69 /* PBXTargetDependency */,
			);
			name = RepositoryBrowserTests;
			productName = RepositoryBrowserTests;
			productReference = A6EC030D24342CBC001C8D69 /* RepositoryBrowserTests.xctest */;
			productType = "com.apple.product-type.bundle.unit-test";
		};
/* End PBXNativeTarget section */

/* Begin PBXProject section */
		A6EC02EF24342CB2001C8D69 /* Project object */ = {
			isa = PBXProject;
			attributes = {
				LastSwiftUpdateCheck = 1140;
				LastUpgradeCheck = 1140;
				ORGANIZATIONNAME = DDragutan;
				TargetAttributes = {
					A6EC02F624342CB2001C8D69 = {
						CreatedOnToolsVersion = 11.4;
					};
					A6EC030C24342CBC001C8D69 = {
						CreatedOnToolsVersion = 11.4;
						TestTargetID = A6EC02F624342CB2001C8D69;
					};
				};
			};
			buildConfigurationList = A6EC02F224342CB2001C8D69 /* Build configuration list for PBXProject "RepositoryBrowser" */;
			compatibilityVersion = "Xcode 9.3";
			developmentRegion = en;
			hasScannedForEncodings = 0;
			knownRegions = (
				en,
				Base,
			);
			mainGroup = A6EC02EE24342CB2001C8D69;
			productRefGroup = A6EC02F824342CB2001C8D69 /* Products */;
			projectDirPath = "";
			projectRoot = "";
			targets = (
				A6EC02F624342CB2001C8D69 /* RepositoryBrowser */,
				A6EC030C24342CBC001C8D69 /* RepositoryBrowserTests */,
			);
		};
/* End PBXProject section */

/* Begin PBXResourcesBuildPhase section */
		A6EC02F524342CB2001C8D69 /* Resources */ = {
			isa = PBXResourcesBuildPhase;
			buildActionMask = 2147483647;
			files = (
				A6EC030724342CBC001C8D69 /* LaunchScreen.storyboard in Resources */,
				A6C59DEF2434672E009E6F61 /* Localizable.strings in Resources */,
				A6EC033524344B14001C8D69 /* Config.xcconfig in Resources */,
				A6EC030424342CBC001C8D69 /* Assets.xcassets in Resources */,
			);
			runOnlyForDeploymentPostprocessing = 0;
		};
		A6EC030B24342CBC001C8D69 /* Resources */ = {
			isa = PBXResourcesBuildPhase;
			buildActionMask = 2147483647;
			files = (
				A6EC0328243433C6001C8D69 /* repositories.json in Resources */,
				A6C59DDD2434574D009E6F61 /* users_list.json in Resources */,
				A6EC033224344146001C8D69 /* user.json in Resources */,
			);
			runOnlyForDeploymentPostprocessing = 0;
		};
/* End PBXResourcesBuildPhase section */

/* Begin PBXSourcesBuildPhase section */
		A6EC02F324342CB2001C8D69 /* Sources */ = {
			isa = PBXSourcesBuildPhase;
			buildActionMask = 2147483647;
			files = (
				A6C59DD724345408009E6F61 /* NetworkRequest.swift in Sources */,
				A6C59DD324345123009E6F61 /* GitHubRepository.swift in Sources */,
				A6EC033C24344CB3001C8D69 /* RequestFactory.swift in Sources */,
				A6C59DD924345425009E6F61 /* JSONRequest.swift in Sources */,
				A6EC034124344D87001C8D69 /* User.swift in Sources */,
				A6C59DEB243465F7009E6F61 /* UserTableViewDataSource.swift in Sources */,
				A6EC032124342DD4001C8D69 /* DataSourceType.swift in Sources */,
				A6C59DDB24345440009E6F61 /* DataRequest.swift in Sources */,
				A6C59DD5243453AF009E6F61 /* GitHubUser.swift in Sources */,
				A6C59DDF24345D3E009E6F61 /* UsersRequest.swift in Sources */,
				A6EC033824344B8D001C8D69 /* ConfigReader.swift in Sources */,
				A6C59DE324345E98009E6F61 /* UserList.swift in Sources */,
				A6C59DFA24354F27009E6F61 /* RepositoryTableViewDataSource.swift in Sources */,
				A6C59DF424354896009E6F61 /* RepoSearchViewController.swift in Sources */,
				A6C59DF2243468C8009E6F61 /* UIViewControllerExtensions.swift in Sources */,
				A6EC034324344E42001C8D69 /* Repository.swift in Sources */,
				A6C59DE8243464CE009E6F61 /* UserTableViewCell.swift in Sources */,
				A6EC031E24342D48001C8D69 /* ViewControllerFactory.swift in Sources */,
				A6C59DE524346477009E6F61 /* ViewFactory.swift in Sources */,
				A6C59DED2434666A009E6F61 /* UserSearchViewController.swift in Sources */,
				A6C59DF6243548F1009E6F61 /* RepositoryRequest.swift in Sources */,
				A6C59DFC2435B806009E6F61 /* BasicAuthViewController.swift in Sources */,
				A6EC033A24344C05001C8D69 /* URLFactory.swift in Sources */,
				A6C59DE124345E78009E6F61 /* GitHubUserList.swift in Sources */,
				A6EC02FB24342CB2001C8D69 /* AppDelegate.swift in Sources */,
				A6C59DF824354BAA009E6F61 /* RepositoryTableViewCell.swift in Sources */,
				A6EC02FD24342CB2001C8D69 /* SceneDelegate.swift in Sources */,
			);
			runOnlyForDeploymentPostprocessing = 0;
		};
		A6EC030924342CBC001C8D69 /* Sources */ = {
			isa = PBXSourcesBuildPhase;
			buildActionMask = 2147483647;
			files = (
				A6EC0325243432FD001C8D69 /* GitHubTests.swift in Sources */,
			);
			runOnlyForDeploymentPostprocessing = 0;
		};
/* End PBXSourcesBuildPhase section */

/* Begin PBXTargetDependency section */
		A6EC030F24342CBC001C8D69 /* PBXTargetDependency */ = {
			isa = PBXTargetDependency;
			target = A6EC02F624342CB2001C8D69 /* RepositoryBrowser */;
			targetProxy = A6EC030E24342CBC001C8D69 /* PBXContainerItemProxy */;
		};
/* End PBXTargetDependency section */

/* Begin PBXVariantGroup section */
		A6EC030524342CBC001C8D69 /* LaunchScreen.storyboard */ = {
			isa = PBXVariantGroup;
			children = (
				A6EC030624342CBC001C8D69 /* Base */,
			);
			name = LaunchScreen.storyboard;
			sourceTree = "<group>";
		};
/* End PBXVariantGroup section */

/* Begin XCBuildConfiguration section */
		A6EC031424342CBC001C8D69 /* Debug */ = {
			isa = XCBuildConfiguration;
			baseConfigurationReference = A6EC033424344B14001C8D69 /* Config.xcconfig */;
			buildSettings = {
				ALWAYS_SEARCH_USER_PATHS = NO;
				CLANG_ANALYZER_NONNULL = YES;
				CLANG_ANALYZER_NUMBER_OBJECT_CONVERSION = YES_AGGRESSIVE;
				CLANG_CXX_LANGUAGE_STANDARD = "gnu++14";
				CLANG_CXX_LIBRARY = "libc++";
				CLANG_ENABLE_MODULES = YES;
				CLANG_ENABLE_OBJC_ARC = YES;
				CLANG_ENABLE_OBJC_WEAK = YES;
				CLANG_WARN_BLOCK_CAPTURE_AUTORELEASING = YES;
				CLANG_WARN_BOOL_CONVERSION = YES;
				CLANG_WARN_COMMA = YES;
				CLANG_WARN_CONSTANT_CONVERSION = YES;
				CLANG_WARN_DEPRECATED_OBJC_IMPLEMENTATIONS = YES;
				CLANG_WARN_DIRECT_OBJC_ISA_USAGE = YES_ERROR;
				CLANG_WARN_DOCUMENTATION_COMMENTS = YES;
				CLANG_WARN_EMPTY_BODY = YES;
				CLANG_WARN_ENUM_CONVERSION = YES;
				CLANG_WARN_INFINITE_RECURSION = YES;
				CLANG_WARN_INT_CONVERSION = YES;
				CLANG_WARN_NON_LITERAL_NULL_CONVERSION = YES;
				CLANG_WARN_OBJC_IMPLICIT_RETAIN_SELF = YES;
				CLANG_WARN_OBJC_LITERAL_CONVERSION = YES;
				CLANG_WARN_OBJC_ROOT_CLASS = YES_ERROR;
				CLANG_WARN_RANGE_LOOP_ANALYSIS = YES;
				CLANG_WARN_STRICT_PROTOTYPES = YES;
				CLANG_WARN_SUSPICIOUS_MOVE = YES;
				CLANG_WARN_UNGUARDED_AVAILABILITY = YES_AGGRESSIVE;
				CLANG_WARN_UNREACHABLE_CODE = YES;
				CLANG_WARN__DUPLICATE_METHOD_MATCH = YES;
				COPY_PHASE_STRIP = NO;
				DEBUG_INFORMATION_FORMAT = dwarf;
				ENABLE_STRICT_OBJC_MSGSEND = YES;
				ENABLE_TESTABILITY = YES;
				GCC_C_LANGUAGE_STANDARD = gnu11;
				GCC_DYNAMIC_NO_PIC = NO;
				GCC_NO_COMMON_BLOCKS = YES;
				GCC_OPTIMIZATION_LEVEL = 0;
				GCC_PREPROCESSOR_DEFINITIONS = (
					"DEBUG=1",
					"$(inherited)",
				);
				GCC_WARN_64_TO_32_BIT_CONVERSION = YES;
				GCC_WARN_ABOUT_RETURN_TYPE = YES_ERROR;
				GCC_WARN_UNDECLARED_SELECTOR = YES;
				GCC_WARN_UNINITIALIZED_AUTOS = YES_AGGRESSIVE;
				GCC_WARN_UNUSED_FUNCTION = YES;
				GCC_WARN_UNUSED_VARIABLE = YES;
				IPHONEOS_DEPLOYMENT_TARGET = 12.4;
				MTL_ENABLE_DEBUG_INFO = INCLUDE_SOURCE;
				MTL_FAST_MATH = YES;
				ONLY_ACTIVE_ARCH = YES;
				SDKROOT = iphoneos;
				SWIFT_ACTIVE_COMPILATION_CONDITIONS = DEBUG;
				SWIFT_OPTIMIZATION_LEVEL = "-Onone";
			};
			name = Debug;
		};
		A6EC031524342CBC001C8D69 /* Release */ = {
			isa = XCBuildConfiguration;
			buildSettings = {
				ALWAYS_SEARCH_USER_PATHS = NO;
				CLANG_ANALYZER_NONNULL = YES;
				CLANG_ANALYZER_NUMBER_OBJECT_CONVERSION = YES_AGGRESSIVE;
				CLANG_CXX_LANGUAGE_STANDARD = "gnu++14";
				CLANG_CXX_LIBRARY = "libc++";
				CLANG_ENABLE_MODULES = YES;
				CLANG_ENABLE_OBJC_ARC = YES;
				CLANG_ENABLE_OBJC_WEAK = YES;
				CLANG_WARN_BLOCK_CAPTURE_AUTORELEASING = YES;
				CLANG_WARN_BOOL_CONVERSION = YES;
				CLANG_WARN_COMMA = YES;
				CLANG_WARN_CONSTANT_CONVERSION = YES;
				CLANG_WARN_DEPRECATED_OBJC_IMPLEMENTATIONS = YES;
				CLANG_WARN_DIRECT_OBJC_ISA_USAGE = YES_ERROR;
				CLANG_WARN_DOCUMENTATION_COMMENTS = YES;
				CLANG_WARN_EMPTY_BODY = YES;
				CLANG_WARN_ENUM_CONVERSION = YES;
				CLANG_WARN_INFINITE_RECURSION = YES;
				CLANG_WARN_INT_CONVERSION = YES;
				CLANG_WARN_NON_LITERAL_NULL_CONVERSION = YES;
				CLANG_WARN_OBJC_IMPLICIT_RETAIN_SELF = YES;
				CLANG_WARN_OBJC_LITERAL_CONVERSION = YES;
				CLANG_WARN_OBJC_ROOT_CLASS = YES_ERROR;
				CLANG_WARN_RANGE_LOOP_ANALYSIS = YES;
				CLANG_WARN_STRICT_PROTOTYPES = YES;
				CLANG_WARN_SUSPICIOUS_MOVE = YES;
				CLANG_WARN_UNGUARDED_AVAILABILITY = YES_AGGRESSIVE;
				CLANG_WARN_UNREACHABLE_CODE = YES;
				CLANG_WARN__DUPLICATE_METHOD_MATCH = YES;
				COPY_PHASE_STRIP = NO;
				DEBUG_INFORMATION_FORMAT = "dwarf-with-dsym";
				ENABLE_NS_ASSERTIONS = NO;
				ENABLE_STRICT_OBJC_MSGSEND = YES;
				GCC_C_LANGUAGE_STANDARD = gnu11;
				GCC_NO_COMMON_BLOCKS = YES;
				GCC_WARN_64_TO_32_BIT_CONVERSION = YES;
				GCC_WARN_ABOUT_RETURN_TYPE = YES_ERROR;
				GCC_WARN_UNDECLARED_SELECTOR = YES;
				GCC_WARN_UNINITIALIZED_AUTOS = YES_AGGRESSIVE;
				GCC_WARN_UNUSED_FUNCTION = YES;
				GCC_WARN_UNUSED_VARIABLE = YES;
				IPHONEOS_DEPLOYMENT_TARGET = 12.4;
				MTL_ENABLE_DEBUG_INFO = NO;
				MTL_FAST_MATH = YES;
				SDKROOT = iphoneos;
				SWIFT_COMPILATION_MODE = wholemodule;
				SWIFT_OPTIMIZATION_LEVEL = "-O";
				VALIDATE_PRODUCT = YES;
			};
			name = Release;
		};
		A6EC031724342CBC001C8D69 /* Debug */ = {
			isa = XCBuildConfiguration;
			buildSettings = {
				ASSETCATALOG_COMPILER_APPICON_NAME = AppIcon;
				CODE_SIGN_STYLE = Automatic;
				INFOPLIST_FILE = RepositoryBrowser/Info.plist;
				LD_RUNPATH_SEARCH_PATHS = (
					"$(inherited)",
					"@executable_path/Frameworks",
				);
				PRODUCT_BUNDLE_IDENTIFIER = no.org.RepositoryBrowser;
				PRODUCT_NAME = "$(TARGET_NAME)";
				SWIFT_VERSION = 5.0;
				TARGETED_DEVICE_FAMILY = 1;
			};
			name = Debug;
		};
		A6EC031824342CBC001C8D69 /* Release */ = {
			isa = XCBuildConfiguration;
			buildSettings = {
				ASSETCATALOG_COMPILER_APPICON_NAME = AppIcon;
				CODE_SIGN_STYLE = Automatic;
				INFOPLIST_FILE = RepositoryBrowser/Info.plist;
				LD_RUNPATH_SEARCH_PATHS = (
					"$(inherited)",
					"@executable_path/Frameworks",
				);
				PRODUCT_BUNDLE_IDENTIFIER = no.org.RepositoryBrowser;
				PRODUCT_NAME = "$(TARGET_NAME)";
				SWIFT_VERSION = 5.0;
				TARGETED_DEVICE_FAMILY = 1;
			};
			name = Release;
		};
		A6EC031A24342CBC001C8D69 /* Debug */ = {
			isa = XCBuildConfiguration;
			buildSettings = {
				ALWAYS_EMBED_SWIFT_STANDARD_LIBRARIES = YES;
				BUNDLE_LOADER = "$(TEST_HOST)";
				CODE_SIGN_STYLE = Automatic;
				INFOPLIST_FILE = RepositoryBrowserTests/Info.plist;
				IPHONEOS_DEPLOYMENT_TARGET = 13.4;
				LD_RUNPATH_SEARCH_PATHS = (
					"$(inherited)",
					"@executable_path/Frameworks",
					"@loader_path/Frameworks",
				);
				PRODUCT_BUNDLE_IDENTIFIER = no.org.RepositoryBrowserTests;
				PRODUCT_NAME = "$(TARGET_NAME)";
				SWIFT_VERSION = 5.0;
				TARGETED_DEVICE_FAMILY = "1,2";
				TEST_HOST = "$(BUILT_PRODUCTS_DIR)/RepositoryBrowser.app/RepositoryBrowser";
			};
			name = Debug;
		};
		A6EC031B24342CBC001C8D69 /* Release */ = {
			isa = XCBuildConfiguration;
			buildSettings = {
				ALWAYS_EMBED_SWIFT_STANDARD_LIBRARIES = YES;
				BUNDLE_LOADER = "$(TEST_HOST)";
				CODE_SIGN_STYLE = Automatic;
				INFOPLIST_FILE = RepositoryBrowserTests/Info.plist;
				IPHONEOS_DEPLOYMENT_TARGET = 13.4;
				LD_RUNPATH_SEARCH_PATHS = (
					"$(inherited)",
					"@executable_path/Frameworks",
					"@loader_path/Frameworks",
				);
				PRODUCT_BUNDLE_IDENTIFIER = no.org.RepositoryBrowserTests;
				PRODUCT_NAME = "$(TARGET_NAME)";
				SWIFT_VERSION = 5.0;
				TARGETED_DEVICE_FAMILY = "1,2";
				TEST_HOST = "$(BUILT_PRODUCTS_DIR)/RepositoryBrowser.app/RepositoryBrowser";
			};
			name = Release;
		};
/* End XCBuildConfiguration section */

/* Begin XCConfigurationList section */
		A6EC02F224342CB2001C8D69 /* Build configuration list for PBXProject "RepositoryBrowser" */ = {
			isa = XCConfigurationList;
			buildConfigurations = (
				A6EC031424342CBC001C8D69 /* Debug */,
				A6EC031524342CBC001C8D69 /* Release */,
			);
			defaultConfigurationIsVisible = 0;
			defaultConfigurationName = Release;
		};
		A6EC031624342CBC001C8D69 /* Build configuration list for PBXNativeTarget "RepositoryBrowser" */ = {
			isa = XCConfigurationList;
			buildConfigurations = (
				A6EC031724342CBC001C8D69 /* Debug */,
				A6EC031824342CBC001C8D69 /* Release */,
			);
			defaultConfigurationIsVisible = 0;
			defaultConfigurationName = Release;
		};
		A6EC031924342CBC001C8D69 /* Build configuration list for PBXNativeTarget "RepositoryBrowserTests" */ = {
			isa = XCConfigurationList;
			buildConfigurations = (
				A6EC031A24342CBC001C8D69 /* Debug */,
				A6EC031B24342CBC001C8D69 /* Release */,
			);
			defaultConfigurationIsVisible = 0;
			defaultConfigurationName = Release;
		};
/* End XCConfigurationList section */
	};
	rootObject = A6EC02EF24342CB2001C8D69 /* Project object */;
}
